// !$*UTF8*$!
{
	archiveVersion = 1;
	classes = {
	};
	objectVersion = 46;
	objects = {

/* Begin PBXBuildFile section */
		7ECDD47E1B8BC9DE0011D51F /* AppDelegate.swift in Sources */ = {isa = PBXBuildFile; fileRef = 7ECDD47D1B8BC9DE0011D51F /* AppDelegate.swift */; };
		7ECDD4801B8BC9DE0011D51F /* ViewController.swift in Sources */ = {isa = PBXBuildFile; fileRef = 7ECDD47F1B8BC9DE0011D51F /* ViewController.swift */; };
		7ECDD4831B8BC9DE0011D51F /* Main.storyboard in Resources */ = {isa = PBXBuildFile; fileRef = 7ECDD4811B8BC9DE0011D51F /* Main.storyboard */; };
		7ECDD4851B8BC9DE0011D51F /* Assets.xcassets in Resources */ = {isa = PBXBuildFile; fileRef = 7ECDD4841B8BC9DE0011D51F /* Assets.xcassets */; };
		7ECDD4881B8BC9DE0011D51F /* LaunchScreen.storyboard in Resources */ = {isa = PBXBuildFile; fileRef = 7ECDD4861B8BC9DE0011D51F /* LaunchScreen.storyboard */; };
		7ECDD48D1B8BC9DF0011D51F /* WatchOS2-NewUI-PickerSequence-Example WatchKit App.app in Embed Watch Content */ = {isa = PBXBuildFile; fileRef = 7ECDD48C1B8BC9DF0011D51F /* WatchOS2-NewUI-PickerSequence-Example WatchKit App.app */; };
		7ECDD4931B8BC9DF0011D51F /* Interface.storyboard in Resources */ = {isa = PBXBuildFile; fileRef = 7ECDD4911B8BC9DF0011D51F /* Interface.storyboard */; };
		7ECDD4951B8BC9DF0011D51F /* Assets.xcassets in Resources */ = {isa = PBXBuildFile; fileRef = 7ECDD4941B8BC9DF0011D51F /* Assets.xcassets */; };
		7ECDD49C1B8BC9DF0011D51F /* WatchOS2-NewUI-PickerSequence-Example WatchKit Extension.appex in Embed App Extensions */ = {isa = PBXBuildFile; fileRef = 7ECDD49B1B8BC9DF0011D51F /* WatchOS2-NewUI-PickerSequence-Example WatchKit Extension.appex */; settings = {ATTRIBUTES = (RemoveHeadersOnCopy, ); }; };
		7ECDD4A11B8BC9DF0011D51F /* InterfaceController.swift in Sources */ = {isa = PBXBuildFile; fileRef = 7ECDD4A01B8BC9DF0011D51F /* InterfaceController.swift */; };
		7ECDD4A31B8BC9DF0011D51F /* ExtensionDelegate.swift in Sources */ = {isa = PBXBuildFile; fileRef = 7ECDD4A21B8BC9DF0011D51F /* ExtensionDelegate.swift */; };
		7ECDD4A51B8BC9DF0011D51F /* Assets.xcassets in Resources */ = {isa = PBXBuildFile; fileRef = 7ECDD4A41B8BC9DF0011D51F /* Assets.xcassets */; };
/* End PBXBuildFile section */

/* Begin PBXContainerItemProxy section */
		7ECDD48E1B8BC9DF0011D51F /* PBXContainerItemProxy */ = {
			isa = PBXContainerItemProxy;
			containerPortal = 7ECDD4721B8BC9DE0011D51F /* Project object */;
			proxyType = 1;
			remoteGlobalIDString = 7ECDD48B1B8BC9DF0011D51F;
			remoteInfo = "WatchOS2-NewUI-PickerSequence-Example WatchKit App";
		};
		7ECDD49D1B8BC9DF0011D51F /* PBXContainerItemProxy */ = {
			isa = PBXContainerItemProxy;
			containerPortal = 7ECDD4721B8BC9DE0011D51F /* Project object */;
			proxyType = 1;
			remoteGlobalIDString = 7ECDD49A1B8BC9DF0011D51F;
			remoteInfo = "WatchOS2-NewUI-PickerSequence-Example WatchKit Extension";
		};
/* End PBXContainerItemProxy section */

/* Begin PBXCopyFilesBuildPhase section */
		7ECDD4AC1B8BC9DF0011D51F /* Embed App Extensions */ = {
			isa = PBXCopyFilesBuildPhase;
			buildActionMask = 2147483647;
			dstPath = "";
			dstSubfolderSpec = 13;
			files = (
				7ECDD49C1B8BC9DF0011D51F /* WatchOS2-NewUI-PickerSequence-Example WatchKit Extension.appex in Embed App Extensions */,
			);
			name = "Embed App Extensions";
			runOnlyForDeploymentPostprocessing = 0;
		};
		7ECDD4B01B8BC9DF0011D51F /* Embed Watch Content */ = {
			isa = PBXCopyFilesBuildPhase;
			buildActionMask = 2147483647;
			dstPath = "$(CONTENTS_FOLDER_PATH)/Watch";
			dstSubfolderSpec = 16;
			files = (
				7ECDD48D1B8BC9DF0011D51F /* WatchOS2-NewUI-PickerSequence-Example WatchKit App.app in Embed Watch Content */,
			);
			name = "Embed Watch Content";
			runOnlyForDeploymentPostprocessing = 0;
		};
/* End PBXCopyFilesBuildPhase section */

/* Begin PBXFileReference section */
		7ECDD47A1B8BC9DE0011D51F /* WatchOS2-NewUI-PickerSequence-Example.app */ = {isa = PBXFileReference; explicitFileType = wrapper.application; includeInIndex = 0; path = "WatchOS2-NewUI-PickerSequence-Example.app"; sourceTree = BUILT_PRODUCTS_DIR; };
		7ECDD47D1B8BC9DE0011D51F /* AppDelegate.swift */ = {isa = PBXFileReference; lastKnownFileType = sourcecode.swift; path = AppDelegate.swift; sourceTree = "<group>"; };
		7ECDD47F1B8BC9DE0011D51F /* ViewController.swift */ = {isa = PBXFileReference; lastKnownFileType = sourcecode.swift; path = ViewController.swift; sourceTree = "<group>"; };
		7ECDD4821B8BC9DE0011D51F /* Base */ = {isa = PBXFileReference; lastKnownFileType = file.storyboard; name = Base; path = Base.lproj/Main.storyboard; sourceTree = "<group>"; };
		7ECDD4841B8BC9DE0011D51F /* Assets.xcassets */ = {isa = PBXFileReference; lastKnownFileType = folder.assetcatalog; path = Assets.xcassets; sourceTree = "<group>"; };
		7ECDD4871B8BC9DE0011D51F /* Base */ = {isa = PBXFileReference; lastKnownFileType = file.storyboard; name = Base; path = Base.lproj/LaunchScreen.storyboard; sourceTree = "<group>"; };
		7ECDD4891B8BC9DE0011D51F /* Info.plist */ = {isa = PBXFileReference; lastKnownFileType = text.plist.xml; path = Info.plist; sourceTree = "<group>"; };
		7ECDD48C1B8BC9DF0011D51F /* WatchOS2-NewUI-PickerSequence-Example WatchKit App.app */ = {isa = PBXFileReference; explicitFileType = wrapper.application; includeInIndex = 0; path = "WatchOS2-NewUI-PickerSequence-Example WatchKit App.app"; sourceTree = BUILT_PRODUCTS_DIR; };
		7ECDD4921B8BC9DF0011D51F /* Base */ = {isa = PBXFileReference; lastKnownFileType = file.storyboard; name = Base; path = Base.lproj/Interface.storyboard; sourceTree = "<group>"; };
		7ECDD4941B8BC9DF0011D51F /* Assets.xcassets */ = {isa = PBXFileReference; lastKnownFileType = folder.assetcatalog; path = Assets.xcassets; sourceTree = "<group>"; };
		7ECDD4961B8BC9DF0011D51F /* Info.plist */ = {isa = PBXFileReference; lastKnownFileType = text.plist.xml; path = Info.plist; sourceTree = "<group>"; };
		7ECDD49B1B8BC9DF0011D51F /* WatchOS2-NewUI-PickerSequence-Example WatchKit Extension.appex */ = {isa = PBXFileReference; explicitFileType = "wrapper.app-extension"; includeInIndex = 0; path = "WatchOS2-NewUI-PickerSequence-Example WatchKit Extension.appex"; sourceTree = BUILT_PRODUCTS_DIR; };
		7ECDD4A01B8BC9DF0011D51F /* InterfaceController.swift */ = {isa = PBXFileReference; lastKnownFileType = sourcecode.swift; path = InterfaceController.swift; sourceTree = "<group>"; };
		7ECDD4A21B8BC9DF0011D51F /* ExtensionDelegate.swift */ = {isa = PBXFileReference; lastKnownFileType = sourcecode.swift; path = ExtensionDelegate.swift; sourceTree = "<group>"; };
		7ECDD4A41B8BC9DF0011D51F /* Assets.xcassets */ = {isa = PBXFileReference; lastKnownFileType = folder.assetcatalog; path = Assets.xcassets; sourceTree = "<group>"; };
		7ECDD4A61B8BC9DF0011D51F /* Info.plist */ = {isa = PBXFileReference; lastKnownFileType = text.plist.xml; path = Info.plist; sourceTree = "<group>"; };
/* End PBXFileReference section */

/* Begin PBXFrameworksBuildPhase section */
		7ECDD4771B8BC9DE0011D51F /* Frameworks */ = {
			isa = PBXFrameworksBuildPhase;
			buildActionMask = 2147483647;
			files = (
			);
			runOnlyForDeploymentPostprocessing = 0;
		};
		7ECDD4981B8BC9DF0011D51F /* Frameworks */ = {
			isa = PBXFrameworksBuildPhase;
			buildActionMask = 2147483647;
			files = (
			);
			runOnlyForDeploymentPostprocessing = 0;
		};
/* End PBXFrameworksBuildPhase section */

/* Begin PBXGroup section */
		7ECDD4711B8BC9DE0011D51F = {
			isa = PBXGroup;
			children = (
				7ECDD47C1B8BC9DE0011D51F /* WatchOS2-NewUI-PickerSequence-Example */,
				7ECDD4901B8BC9DF0011D51F /* WatchOS2-NewUI-PickerSequence-Example WatchKit App */,
				7ECDD49F1B8BC9DF0011D51F /* WatchOS2-NewUI-PickerSequence-Example WatchKit Extension */,
				7ECDD47B1B8BC9DE0011D51F /* Products */,
			);
			sourceTree = "<group>";
		};
		7ECDD47B1B8BC9DE0011D51F /* Products */ = {
			isa = PBXGroup;
			children = (
				7ECDD47A1B8BC9DE0011D51F /* WatchOS2-NewUI-PickerSequence-Example.app */,
				7ECDD48C1B8BC9DF0011D51F /* WatchOS2-NewUI-PickerSequence-Example WatchKit App.app */,
				7ECDD49B1B8BC9DF0011D51F /* WatchOS2-NewUI-PickerSequence-Example WatchKit Extension.appex */,
			);
			name = Products;
			sourceTree = "<group>";
		};
		7ECDD47C1B8BC9DE0011D51F /* WatchOS2-NewUI-PickerSequence-Example */ = {
			isa = PBXGroup;
			children = (
				7ECDD47D1B8BC9DE0011D51F /* AppDelegate.swift */,
				7ECDD47F1B8BC9DE0011D51F /* ViewController.swift */,
				7ECDD4811B8BC9DE0011D51F /* Main.storyboard */,
				7ECDD4841B8BC9DE0011D51F /* Assets.xcassets */,
				7ECDD4861B8BC9DE0011D51F /* LaunchScreen.storyboard */,
				7ECDD4891B8BC9DE0011D51F /* Info.plist */,
			);
			path = "WatchOS2-NewUI-PickerSequence-Example";
			sourceTree = "<group>";
		};
		7ECDD4901B8BC9DF0011D51F /* WatchOS2-NewUI-PickerSequence-Example WatchKit App */ = {
			isa = PBXGroup;
			children = (
				7ECDD4911B8BC9DF0011D51F /* Interface.storyboard */,
				7ECDD4941B8BC9DF0011D51F /* Assets.xcassets */,
				7ECDD4961B8BC9DF0011D51F /* Info.plist */,
			);
			path = "WatchOS2-NewUI-PickerSequence-Example WatchKit App";
			sourceTree = "<group>";
		};
		7ECDD49F1B8BC9DF0011D51F /* WatchOS2-NewUI-PickerSequence-Example WatchKit Extension */ = {
			isa = PBXGroup;
			children = (
				7ECDD4A01B8BC9DF0011D51F /* InterfaceController.swift */,
				7ECDD4A21B8BC9DF0011D51F /* ExtensionDelegate.swift */,
				7ECDD4A41B8BC9DF0011D51F /* Assets.xcassets */,
				7ECDD4A61B8BC9DF0011D51F /* Info.plist */,
			);
			path = "WatchOS2-NewUI-PickerSequence-Example WatchKit Extension";
			sourceTree = "<group>";
		};
/* End PBXGroup section */

/* Begin PBXNativeTarget section */
		7ECDD4791B8BC9DE0011D51F /* WatchOS2-NewUI-PickerSequence-Example */ = {
			isa = PBXNativeTarget;
			buildConfigurationList = 7ECDD4B11B8BC9DF0011D51F /* Build configuration list for PBXNativeTarget "WatchOS2-NewUI-PickerSequence-Example" */;
			buildPhases = (
				7ECDD4761B8BC9DE0011D51F /* Sources */,
				7ECDD4771B8BC9DE0011D51F /* Frameworks */,
				7ECDD4781B8BC9DE0011D51F /* Resources */,
				7ECDD4B01B8BC9DF0011D51F /* Embed Watch Content */,
			);
			buildRules = (
			);
			dependencies = (
				7ECDD48F1B8BC9DF0011D51F /* PBXTargetDependency */,
			);
			name = "WatchOS2-NewUI-PickerSequence-Example";
			productName = "WatchOS2-NewUI-PickerSequence-Example";
			productReference = 7ECDD47A1B8BC9DE0011D51F /* WatchOS2-NewUI-PickerSequence-Example.app */;
			productType = "com.apple.product-type.application";
		};
		7ECDD48B1B8BC9DF0011D51F /* WatchOS2-NewUI-PickerSequence-Example WatchKit App */ = {
			isa = PBXNativeTarget;
			buildConfigurationList = 7ECDD4AD1B8BC9DF0011D51F /* Build configuration list for PBXNativeTarget "WatchOS2-NewUI-PickerSequence-Example WatchKit App" */;
			buildPhases = (
				7ECDD48A1B8BC9DF0011D51F /* Resources */,
				7ECDD4AC1B8BC9DF0011D51F /* Embed App Extensions */,
			);
			buildRules = (
			);
			dependencies = (
				7ECDD49E1B8BC9DF0011D51F /* PBXTargetDependency */,
			);
			name = "WatchOS2-NewUI-PickerSequence-Example WatchKit App";
			productName = "WatchOS2-NewUI-PickerSequence-Example WatchKit App";
			productReference = 7ECDD48C1B8BC9DF0011D51F /* WatchOS2-NewUI-PickerSequence-Example WatchKit App.app */;
			productType = "com.apple.product-type.application.watchapp2";
		};
		7ECDD49A1B8BC9DF0011D51F /* WatchOS2-NewUI-PickerSequence-Example WatchKit Extension */ = {
			isa = PBXNativeTarget;
			buildConfigurationList = 7ECDD4A91B8BC9DF0011D51F /* Build configuration list for PBXNativeTarget "WatchOS2-NewUI-PickerSequence-Example WatchKit Extension" */;
			buildPhases = (
				7ECDD4971B8BC9DF0011D51F /* Sources */,
				7ECDD4981B8BC9DF0011D51F /* Frameworks */,
				7ECDD4991B8BC9DF0011D51F /* Resources */,
			);
			buildRules = (
			);
			dependencies = (
			);
			name = "WatchOS2-NewUI-PickerSequence-Example WatchKit Extension";
			productName = "WatchOS2-NewUI-PickerSequence-Example WatchKit Extension";
			productReference = 7ECDD49B1B8BC9DF0011D51F /* WatchOS2-NewUI-PickerSequence-Example WatchKit Extension.appex */;
			productType = "com.apple.product-type.watchkit2-extension";
		};
/* End PBXNativeTarget section */

/* Begin PBXProject section */
		7ECDD4721B8BC9DE0011D51F /* Project object */ = {
			isa = PBXProject;
			attributes = {
				LastUpgradeCheck = 0800;
				ORGANIZATIONNAME = Sweefties;
				TargetAttributes = {
					7ECDD4791B8BC9DE0011D51F = {
						CreatedOnToolsVersion = 7.0;
						LastSwiftMigration = 0800;
					};
					7ECDD48B1B8BC9DF0011D51F = {
						CreatedOnToolsVersion = 7.0;
						LastSwiftMigration = 0800;
					};
					7ECDD49A1B8BC9DF0011D51F = {
						CreatedOnToolsVersion = 7.0;
						LastSwiftMigration = 0800;
					};
				};
			};
			buildConfigurationList = 7ECDD4751B8BC9DE0011D51F /* Build configuration list for PBXProject "WatchOS2-NewUI-PickerSequence-Example" */;
			compatibilityVersion = "Xcode 3.2";
			developmentRegion = English;
			hasScannedForEncodings = 0;
			knownRegions = (
				en,
				Base,
			);
			mainGroup = 7ECDD4711B8BC9DE0011D51F;
			productRefGroup = 7ECDD47B1B8BC9DE0011D51F /* Products */;
			projectDirPath = "";
			projectRoot = "";
			targets = (
				7ECDD4791B8BC9DE0011D51F /* WatchOS2-NewUI-PickerSequence-Example */,
				7ECDD48B1B8BC9DF0011D51F /* WatchOS2-NewUI-PickerSequence-Example WatchKit App */,
				7ECDD49A1B8BC9DF0011D51F /* WatchOS2-NewUI-PickerSequence-Example WatchKit Extension */,
			);
		};
/* End PBXProject section */

/* Begin PBXResourcesBuildPhase section */
		7ECDD4781B8BC9DE0011D51F /* Resources */ = {
			isa = PBXResourcesBuildPhase;
			buildActionMask = 2147483647;
			files = (
				7ECDD4881B8BC9DE0011D51F /* LaunchScreen.storyboard in Resources */,
				7ECDD4851B8BC9DE0011D51F /* Assets.xcassets in Resources */,
				7ECDD4831B8BC9DE0011D51F /* Main.storyboard in Resources */,
			);
			runOnlyForDeploymentPostprocessing = 0;
		};
		7ECDD48A1B8BC9DF0011D51F /* Resources */ = {
			isa = PBXResourcesBuildPhase;
			buildActionMask = 2147483647;
			files = (
				7ECDD4951B8BC9DF0011D51F /* Assets.xcassets in Resources */,
				7ECDD4931B8BC9DF0011D51F /* Interface.storyboard in Resources */,
			);
			runOnlyForDeploymentPostprocessing = 0;
		};
		7ECDD4991B8BC9DF0011D51F /* Resources */ = {
			isa = PBXResourcesBuildPhase;
			buildActionMask = 2147483647;
			files = (
				7ECDD4A51B8BC9DF0011D51F /* Assets.xcassets in Resources */,
			);
			runOnlyForDeploymentPostprocessing = 0;
		};
/* End PBXResourcesBuildPhase section */

/* Begin PBXSourcesBuildPhase section */
		7ECDD4761B8BC9DE0011D51F /* Sources */ = {
			isa = PBXSourcesBuildPhase;
			buildActionMask = 2147483647;
			files = (
				7ECDD4801B8BC9DE0011D51F /* ViewController.swift in Sources */,
				7ECDD47E1B8BC9DE0011D51F /* AppDelegate.swift in Sources */,
			);
			runOnlyForDeploymentPostprocessing = 0;
		};
		7ECDD4971B8BC9DF0011D51F /* Sources */ = {
			isa = PBXSourcesBuildPhase;
			buildActionMask = 2147483647;
			files = (
				7ECDD4A31B8BC9DF0011D51F /* ExtensionDelegate.swift in Sources */,
				7ECDD4A11B8BC9DF0011D51F /* InterfaceController.swift in Sources */,
			);
			runOnlyForDeploymentPostprocessing = 0;
		};
/* End PBXSourcesBuildPhase section */

/* Begin PBXTargetDependency section */
		7ECDD48F1B8BC9DF0011D51F /* PBXTargetDependency */ = {
			isa = PBXTargetDependency;
			target = 7ECDD48B1B8BC9DF0011D51F /* WatchOS2-NewUI-PickerSequence-Example WatchKit App */;
			targetProxy = 7ECDD48E1B8BC9DF0011D51F /* PBXContainerItemProxy */;
		};
		7ECDD49E1B8BC9DF0011D51F /* PBXTargetDependency */ = {
			isa = PBXTargetDependency;
			target = 7ECDD49A1B8BC9DF0011D51F /* WatchOS2-NewUI-PickerSequence-Example WatchKit Extension */;
			targetProxy = 7ECDD49D1B8BC9DF0011D51F /* PBXContainerItemProxy */;
		};
/* End PBXTargetDependency section */

/* Begin PBXVariantGroup section */
		7ECDD4811B8BC9DE0011D51F /* Main.storyboard */ = {
			isa = PBXVariantGroup;
			children = (
				7ECDD4821B8BC9DE0011D51F /* Base */,
			);
			name = Main.storyboard;
			sourceTree = "<group>";
		};
		7ECDD4861B8BC9DE0011D51F /* LaunchScreen.storyboard */ = {
			isa = PBXVariantGroup;
			children = (
				7ECDD4871B8BC9DE0011D51F /* Base */,
			);
			name = LaunchScreen.storyboard;
			sourceTree = "<group>";
		};
		7ECDD4911B8BC9DF0011D51F /* Interface.storyboard */ = {
			isa = PBXVariantGroup;
			children = (
				7ECDD4921B8BC9DF0011D51F /* Base */,
			);
			name = Interface.storyboard;
			sourceTree = "<group>";
		};
/* End PBXVariantGroup section */

/* Begin XCBuildConfiguration section */
		7ECDD4A71B8BC9DF0011D51F /* Debug */ = {
			isa = XCBuildConfiguration;
			buildSettings = {
				ALWAYS_SEARCH_USER_PATHS = NO;
				CLANG_CXX_LANGUAGE_STANDARD = "gnu++0x";
				CLANG_CXX_LIBRARY = "libc++";
				CLANG_ENABLE_MODULES = YES;
				CLANG_ENABLE_OBJC_ARC = YES;
				CLANG_WARN_BOOL_CONVERSION = YES;
				CLANG_WARN_CONSTANT_CONVERSION = YES;
				CLANG_WARN_DIRECT_OBJC_ISA_USAGE = YES_ERROR;
				CLANG_WARN_EMPTY_BODY = YES;
				CLANG_WARN_ENUM_CONVERSION = YES;
				CLANG_WARN_INFINITE_RECURSION = YES;
				CLANG_WARN_INT_CONVERSION = YES;
				CLANG_WARN_OBJC_ROOT_CLASS = YES_ERROR;
				CLANG_WARN_SUSPICIOUS_MOVE = YES;
				CLANG_WARN_UNREACHABLE_CODE = YES;
				CLANG_WARN__DUPLICATE_METHOD_MATCH = YES;
				"CODE_SIGN_IDENTITY[sdk=iphoneos*]" = "iPhone Developer";
				COPY_PHASE_STRIP = NO;
				DEBUG_INFORMATION_FORMAT = dwarf;
				ENABLE_STRICT_OBJC_MSGSEND = YES;
				ENABLE_TESTABILITY = YES;
				GCC_C_LANGUAGE_STANDARD = gnu99;
				GCC_DYNAMIC_NO_PIC = NO;
				GCC_NO_COMMON_BLOCKS = YES;
				GCC_OPTIMIZATION_LEVEL = 0;
				GCC_PREPROCESSOR_DEFINITIONS = (
					"DEBUG=1",
					"$(inherited)",
				);
				GCC_WARN_64_TO_32_BIT_CONVERSION = YES;
				GCC_WARN_ABOUT_RETURN_TYPE = YES_ERROR;
				GCC_WARN_UNDECLARED_SELECTOR = YES;
				GCC_WARN_UNINITIALIZED_AUTOS = YES_AGGRESSIVE;
				GCC_WARN_UNUSED_FUNCTION = YES;
				GCC_WARN_UNUSED_VARIABLE = YES;
				IPHONEOS_DEPLOYMENT_TARGET = 9.0;
				MTL_ENABLE_DEBUG_INFO = YES;
				ONLY_ACTIVE_ARCH = YES;
				SDKROOT = iphoneos;
				SWIFT_OPTIMIZATION_LEVEL = "-Onone";
				TARGETED_DEVICE_FAMILY = "1,2";
			};
			name = Debug;
		};
		7ECDD4A81B8BC9DF0011D51F /* Release */ = {
			isa = XCBuildConfiguration;
			buildSettings = {
				ALWAYS_SEARCH_USER_PATHS = NO;
				CLANG_CXX_LANGUAGE_STANDARD = "gnu++0x";
				CLANG_CXX_LIBRARY = "libc++";
				CLANG_ENABLE_MODULES = YES;
				CLANG_ENABLE_OBJC_ARC = YES;
				CLANG_WARN_BOOL_CONVERSION = YES;
				CLANG_WARN_CONSTANT_CONVERSION = YES;
				CLANG_WARN_DIRECT_OBJC_ISA_USAGE = YES_ERROR;
				CLANG_WARN_EMPTY_BODY = YES;
				CLANG_WARN_ENUM_CONVERSION = YES;
				CLANG_WARN_INFINITE_RECURSION = YES;
				CLANG_WARN_INT_CONVERSION = YES;
				CLANG_WARN_OBJC_ROOT_CLASS = YES_ERROR;
				CLANG_WARN_SUSPICIOUS_MOVE = YES;
				CLANG_WARN_UNREACHABLE_CODE = YES;
				CLANG_WARN__DUPLICATE_METHOD_MATCH = YES;
				"CODE_SIGN_IDENTITY[sdk=iphoneos*]" = "iPhone Developer";
				COPY_PHASE_STRIP = NO;
				DEBUG_INFORMATION_FORMAT = "dwarf-with-dsym";
				ENABLE_NS_ASSERTIONS = NO;
				ENABLE_STRICT_OBJC_MSGSEND = YES;
				GCC_C_LANGUAGE_STANDARD = gnu99;
				GCC_NO_COMMON_BLOCKS = YES;
				GCC_WARN_64_TO_32_BIT_CONVERSION = YES;
				GCC_WARN_ABOUT_RETURN_TYPE = YES_ERROR;
				GCC_WARN_UNDECLARED_SELECTOR = YES;
				GCC_WARN_UNINITIALIZED_AUTOS = YES_AGGRESSIVE;
				GCC_WARN_UNUSED_FUNCTION = YES;
				GCC_WARN_UNUSED_VARIABLE = YES;
				IPHONEOS_DEPLOYMENT_TARGET = 9.0;
				MTL_ENABLE_DEBUG_INFO = NO;
				SDKROOT = iphoneos;
				SWIFT_OPTIMIZATION_LEVEL = "-Owholemodule";
				TARGETED_DEVICE_FAMILY = "1,2";
				VALIDATE_PRODUCT = YES;
			};
			name = Release;
		};
		7ECDD4AA1B8BC9DF0011D51F /* Debug */ = {
			isa = XCBuildConfiguration;
			buildSettings = {
				INFOPLIST_FILE = "WatchOS2-NewUI-PickerSequence-Example WatchKit Extension/Info.plist";
				LD_RUNPATH_SEARCH_PATHS = "$(inherited) @executable_path/Frameworks @executable_path/../../Frameworks";
				PRODUCT_BUNDLE_IDENTIFIER = "com.sweefties.WatchOS2-NewUI-PickerSequence-Example.watchkitapp.watchkitextension";
				PRODUCT_NAME = "${TARGET_NAME}";
				SDKROOT = watchos;
				SKIP_INSTALL = YES;
				SWIFT_VERSION = 3.0;
				TARGETED_DEVICE_FAMILY = 4;
				WATCHOS_DEPLOYMENT_TARGET = 2.0;
			};
			name = Debug;
		};
		7ECDD4AB1B8BC9DF0011D51F /* Release */ = {
			isa = XCBuildConfiguration;
			buildSettings = {
				INFOPLIST_FILE = "WatchOS2-NewUI-PickerSequence-Example WatchKit Extension/Info.plist";
				LD_RUNPATH_SEARCH_PATHS = "$(inherited) @executable_path/Frameworks @executable_path/../../Frameworks";
				PRODUCT_BUNDLE_IDENTIFIER = "com.sweefties.WatchOS2-NewUI-PickerSequence-Example.watchkitapp.watchkitextension";
				PRODUCT_NAME = "${TARGET_NAME}";
				SDKROOT = watchos;
				SKIP_INSTALL = YES;
				SWIFT_VERSION = 3.0;
				TARGETED_DEVICE_FAMILY = 4;
				WATCHOS_DEPLOYMENT_TARGET = 2.0;
			};
			name = Release;
		};
		7ECDD4AE1B8BC9DF0011D51F /* Debug */ = {
			isa = XCBuildConfiguration;
			buildSettings = {
				ALWAYS_EMBED_SWIFT_STANDARD_LIBRARIES = YES;
				ASSETCATALOG_COMPILER_APPICON_NAME = AppIcon;
				IBSC_MODULE = WatchOS2_NewUI_PickerSequence_Example_WatchKit_Extension;
				INFOPLIST_FILE = "WatchOS2-NewUI-PickerSequence-Example WatchKit App/Info.plist";
				PRODUCT_BUNDLE_IDENTIFIER = "com.sweefties.WatchOS2-NewUI-PickerSequence-Example.watchkitapp";
				PRODUCT_NAME = "$(TARGET_NAME)";
				SDKROOT = watchos;
				SKIP_INSTALL = YES;
				SWIFT_VERSION = 3.0;
				TARGETED_DEVICE_FAMILY = 4;
				WATCHOS_DEPLOYMENT_TARGET = 2.0;
			};
			name = Debug;
		};
		7ECDD4AF1B8BC9DF0011D51F /* Release */ = {
			isa = XCBuildConfiguration;
			buildSettings = {
				ALWAYS_EMBED_SWIFT_STANDARD_LIBRARIES = YES;
				ASSETCATALOG_COMPILER_APPICON_NAME = AppIcon;
				IBSC_MODULE = WatchOS2_NewUI_PickerSequence_Example_WatchKit_Extension;
				INFOPLIST_FILE = "WatchOS2-NewUI-PickerSequence-Example WatchKit App/Info.plist";
				PRODUCT_BUNDLE_IDENTIFIER = "com.sweefties.WatchOS2-NewUI-PickerSequence-Example.watchkitapp";
				PRODUCT_NAME = "$(TARGET_NAME)";
				SDKROOT = watchos;
				SKIP_INSTALL = YES;
				SWIFT_VERSION = 3.0;
				TARGETED_DEVICE_FAMILY = 4;
				WATCHOS_DEPLOYMENT_TARGET = 2.0;
			};
			name = Release;
		};
		7ECDD4B21B8BC9DF0011D51F /* Debug */ = {
			isa = XCBuildConfiguration;
			buildSettings = {
				ASSETCATALOG_COMPILER_APPICON_NAME = AppIcon;
				INFOPLIST_FILE = "WatchOS2-NewUI-PickerSequence-Example/Info.plist";
				LD_RUNPATH_SEARCH_PATHS = "$(inherited) @executable_path/Frameworks";
				PRODUCT_BUNDLE_IDENTIFIER = "com.sweefties.WatchOS2-NewUI-PickerSequence-Example";
				PRODUCT_NAME = "$(TARGET_NAME)";
				SWIFT_VERSION = 3.0;
			};
			name = Debug;
		};
		7ECDD4B31B8BC9DF0011D51F /* Release */ = {
			isa = XCBuildConfiguration;
			buildSettings = {
				ASSETCATALOG_COMPILER_APPICON_NAME = AppIcon;
				INFOPLIST_FILE = "WatchOS2-NewUI-PickerSequence-Example/Info.plist";
				LD_RUNPATH_SEARCH_PATHS = "$(inherited) @executable_path/Frameworks";
				PRODUCT_BUNDLE_IDENTIFIER = "com.sweefties.WatchOS2-NewUI-PickerSequence-Example";
				PRODUCT_NAME = "$(TARGET_NAME)";
				SWIFT_VERSION = 3.0;
			};
			name = Release;
		};
/* End XCBuildConfiguration section */

/* Begin XCConfigurationList section */
		7ECDD4751B8BC9DE0011D51F /* Build configuration list for PBXProject "WatchOS2-NewUI-PickerSequence-Example" */ = {
			isa = XCConfigurationList;
			buildConfigurations = (
				7ECDD4A71B8BC9DF0011D51F /* Debug */,
				7ECDD4A81B8BC9DF0011D51F /* Release */,
			);
			defaultConfigurationIsVisible = 0;
			defaultConfigurationName = Release;
		};
		7ECDD4A91B8BC9DF0011D51F /* Build configuration list for PBXNativeTarget "WatchOS2-NewUI-PickerSequence-Example WatchKit Extension" */ = {
			isa = XCConfigurationList;
			buildConfigurations = (
				7ECDD4AA1B8BC9DF0011D51F /* Debug */,
				7ECDD4AB1B8BC9DF0011D51F /* Release */,
			);
			defaultConfigurationIsVisible = 0;
			defaultConfigurationName = Release;
		};
		7ECDD4AD1B8BC9DF0011D51F /* Build configuration list for PBXNativeTarget "WatchOS2-NewUI-PickerSequence-Example WatchKit App" */ = {
			isa = XCConfigurationList;
			buildConfigurations = (
				7ECDD4AE1B8BC9DF0011D51F /* Debug */,
				7ECDD4AF1B8BC9DF0011D51F /* Release */,
			);
			defaultConfigurationIsVisible = 0;
			defaultConfigurationName = Release;
		};
		7ECDD4B11B8BC9DF0011D51F /* Build configuration list for PBXNativeTarget "WatchOS2-NewUI-PickerSequence-Example" */ = {
			isa = XCConfigurationList;
			buildConfigurations = (
				7ECDD4B21B8BC9DF0011D51F /* Debug */,
				7ECDD4B31B8BC9DF0011D51F /* Release */,
			);
			defaultConfigurationIsVisible = 0;
			defaultConfigurationName = Release;
		};
/* End XCConfigurationList section */
	};
	rootObject = 7ECDD4721B8BC9DE0011D51F /* Project object */;
}
